// !$*UTF8*$!
{
	archiveVersion = 1;
	classes = {
	};
	objectVersion = 46;
	objects = {

/* Begin PBXBuildFile section */
		5716F5CD1CBEC447001E3215 /* main.cpp in Sources */ = {isa = PBXBuildFile; fileRef = 5716F5C61CBEC447001E3215 /* main.cpp */; settings = {ASSET_TAGS = (); }; };
		5716F5CE1CBEC447001E3215 /* ofApp.cpp in Sources */ = {isa = PBXBuildFile; fileRef = 5716F5C81CBEC447001E3215 /* ofApp.cpp */; settings = {ASSET_TAGS = (); }; };
		5716F5CF1CBEC447001E3215 /* PixeDot.cpp in Sources */ = {isa = PBXBuildFile; fileRef = 5716F5CA1CBEC447001E3215 /* PixeDot.cpp */; settings = {ASSET_TAGS = (); }; };
		5716F5DE1CBEC452001E3215 /* GameObject.cpp in Sources */ = {isa = PBXBuildFile; fileRef = 5716F5D11CBEC452001E3215 /* GameObject.cpp */; settings = {ASSET_TAGS = (); }; };
		5716F5DF1CBEC452001E3215 /* TerrainFloor.cpp in Sources */ = {isa = PBXBuildFile; fileRef = 5716F5D31CBEC452001E3215 /* TerrainFloor.cpp */; settings = {ASSET_TAGS = (); }; };
		5716F5E01CBEC452001E3215 /* LaserBlast.cpp in Sources */ = {isa = PBXBuildFile; fileRef = 5716F5D51CBEC452001E3215 /* LaserBlast.cpp */; settings = {ASSET_TAGS = (); }; };
		5716F5E11CBEC452001E3215 /* Player.cpp in Sources */ = {isa = PBXBuildFile; fileRef = 5716F5D71CBEC452001E3215 /* Player.cpp */; settings = {ASSET_TAGS = (); }; };
		5716F5E21CBEC452001E3215 /* BackgroundObject.cpp in Sources */ = {isa = PBXBuildFile; fileRef = 5716F5D91CBEC452001E3215 /* BackgroundObject.cpp */; settings = {ASSET_TAGS = (); }; };
		5716F5E31CBEC452001E3215 /* Turret.cpp in Sources */ = {isa = PBXBuildFile; fileRef = 5716F5DB1CBEC452001E3215 /* Turret.cpp */; settings = {ASSET_TAGS = (); }; };
		5716F5E41CBEC452001E3215 /* Bullet.cpp in Sources */ = {isa = PBXBuildFile; fileRef = 5716F5DD1CBEC452001E3215 /* Bullet.cpp */; settings = {ASSET_TAGS = (); }; };
		5716F5EB1CBEC45B001E3215 /* PixelDotEffect.cpp in Sources */ = {isa = PBXBuildFile; fileRef = 5716F5E61CBEC45B001E3215 /* PixelDotEffect.cpp */; settings = {ASSET_TAGS = (); }; };
		5716F5EC1CBEC45B001E3215 /* HearbeatEffect.cpp in Sources */ = {isa = PBXBuildFile; fileRef = 5716F5E81CBEC45B001E3215 /* HearbeatEffect.cpp */; settings = {ASSET_TAGS = (); }; };
		5716F5ED1CBEC45B001E3215 /* LaserChargeEffect.cpp in Sources */ = {isa = PBXBuildFile; fileRef = 5716F5EA1CBEC45B001E3215 /* LaserChargeEffect.cpp */; settings = {ASSET_TAGS = (); }; };
		5716F5F31CBEC5E6001E3215 /* AnimationController.cpp in Sources */ = {isa = PBXBuildFile; fileRef = 5716F5F11CBEC5E6001E3215 /* AnimationController.cpp */; settings = {ASSET_TAGS = (); }; };
		5716F5F61CBEC72F001E3215 /* AnimationLimb.cpp in Sources */ = {isa = PBXBuildFile; fileRef = 5716F5F51CBEC72F001E3215 /* AnimationLimb.cpp */; settings = {ASSET_TAGS = (); }; };
		5716F5F91CBEC827001E3215 /* AnimationState.cpp in Sources */ = {isa = PBXBuildFile; fileRef = 5716F5F81CBEC827001E3215 /* AnimationState.cpp */; settings = {ASSET_TAGS = (); }; };
		5716F5FF1CBEC88C001E3215 /* AnimationTimeline.cpp in Sources */ = {isa = PBXBuildFile; fileRef = 5716F5FD1CBEC88C001E3215 /* AnimationTimeline.cpp */; settings = {ASSET_TAGS = (); }; };
		5716F6021CBEC998001E3215 /* AnimationNode.cpp in Sources */ = {isa = PBXBuildFile; fileRef = 5716F6011CBEC998001E3215 /* AnimationNode.cpp */; settings = {ASSET_TAGS = (); }; };
		5716F60C1CBECA92001E3215 /* tinyxml.cpp in Sources */ = {isa = PBXBuildFile; fileRef = 5716F6051CBECA92001E3215 /* tinyxml.cpp */; settings = {ASSET_TAGS = (); }; };
		5716F60D1CBECA92001E3215 /* tinyxmlerror.cpp in Sources */ = {isa = PBXBuildFile; fileRef = 5716F6071CBECA92001E3215 /* tinyxmlerror.cpp */; settings = {ASSET_TAGS = (); }; };
		5716F60E1CBECA92001E3215 /* tinyxmlparser.cpp in Sources */ = {isa = PBXBuildFile; fileRef = 5716F6081CBECA92001E3215 /* tinyxmlparser.cpp */; settings = {ASSET_TAGS = (); }; };
		5716F60F1CBECA92001E3215 /* ofxXmlSettings.cpp in Sources */ = {isa = PBXBuildFile; fileRef = 5716F60A1CBECA92001E3215 /* ofxXmlSettings.cpp */; settings = {ASSET_TAGS = (); }; };
		E4328149138ABC9F0047C5CB /* openFrameworksDebug.a in Frameworks */ = {isa = PBXBuildFile; fileRef = E4328148138ABC890047C5CB /* openFrameworksDebug.a */; };
/* End PBXBuildFile section */

/* Begin PBXContainerItemProxy section */
		E4328147138ABC890047C5CB /* PBXContainerItemProxy */ = {
			isa = PBXContainerItemProxy;
			containerPortal = E4328143138ABC890047C5CB /* openFrameworksLib.xcodeproj */;
			proxyType = 2;
			remoteGlobalIDString = E4B27C1510CBEB8E00536013;
			remoteInfo = openFrameworks;
		};
		E4EEB9AB138B136A00A80321 /* PBXContainerItemProxy */ = {
			isa = PBXContainerItemProxy;
			containerPortal = E4328143138ABC890047C5CB /* openFrameworksLib.xcodeproj */;
			proxyType = 1;
			remoteGlobalIDString = E4B27C1410CBEB8E00536013;
			remoteInfo = openFrameworks;
		};
/* End PBXContainerItemProxy section */

/* Begin PBXCopyFilesBuildPhase section */
		E4C2427710CC5ABF004149E2 /* CopyFiles */ = {
			isa = PBXCopyFilesBuildPhase;
			buildActionMask = 2147483647;
			dstPath = "";
			dstSubfolderSpec = 10;
			files = (
			);
			runOnlyForDeploymentPostprocessing = 0;
		};
/* End PBXCopyFilesBuildPhase section */

/* Begin PBXFileReference section */
		5716F5C51CBEC447001E3215 /* BasicInfo.h */ = {isa = PBXFileReference; fileEncoding = 4; lastKnownFileType = sourcecode.c.h; path = BasicInfo.h; sourceTree = "<group>"; };
		5716F5C61CBEC447001E3215 /* main.cpp */ = {isa = PBXFileReference; fileEncoding = 4; lastKnownFileType = sourcecode.cpp.cpp; path = main.cpp; sourceTree = "<group>"; };
		5716F5C71CBEC447001E3215 /* ofApp.h */ = {isa = PBXFileReference; fileEncoding = 4; lastKnownFileType = sourcecode.c.h; path = ofApp.h; sourceTree = "<group>"; };
		5716F5C81CBEC447001E3215 /* ofApp.cpp */ = {isa = PBXFileReference; fileEncoding = 4; lastKnownFileType = sourcecode.cpp.cpp; path = ofApp.cpp; sourceTree = "<group>"; };
		5716F5C91CBEC447001E3215 /* PixelDot.h */ = {isa = PBXFileReference; fileEncoding = 4; lastKnownFileType = sourcecode.c.h; path = PixelDot.h; sourceTree = "<group>"; };
		5716F5CA1CBEC447001E3215 /* PixeDot.cpp */ = {isa = PBXFileReference; fileEncoding = 4; lastKnownFileType = sourcecode.cpp.cpp; path = PixeDot.cpp; sourceTree = "<group>"; };
		5716F5CB1CBEC447001E3215 /* RaycastInfo.h */ = {isa = PBXFileReference; fileEncoding = 4; lastKnownFileType = sourcecode.c.h; path = RaycastInfo.h; sourceTree = "<group>"; };
		5716F5CC1CBEC447001E3215 /* HitBox.h */ = {isa = PBXFileReference; fileEncoding = 4; lastKnownFileType = sourcecode.c.h; path = HitBox.h; sourceTree = "<group>"; };
		5716F5D01CBEC452001E3215 /* GameObject.h */ = {isa = PBXFileReference; fileEncoding = 4; lastKnownFileType = sourcecode.c.h; path = GameObject.h; sourceTree = "<group>"; };
		5716F5D11CBEC452001E3215 /* GameObject.cpp */ = {isa = PBXFileReference; fileEncoding = 4; lastKnownFileType = sourcecode.cpp.cpp; path = GameObject.cpp; sourceTree = "<group>"; };
		5716F5D21CBEC452001E3215 /* TerrainFloor.h */ = {isa = PBXFileReference; fileEncoding = 4; lastKnownFileType = sourcecode.c.h; path = TerrainFloor.h; sourceTree = "<group>"; };
		5716F5D31CBEC452001E3215 /* TerrainFloor.cpp */ = {isa = PBXFileReference; fileEncoding = 4; lastKnownFileType = sourcecode.cpp.cpp; path = TerrainFloor.cpp; sourceTree = "<group>"; };
		5716F5D41CBEC452001E3215 /* LaserBlast.h */ = {isa = PBXFileReference; fileEncoding = 4; lastKnownFileType = sourcecode.c.h; path = LaserBlast.h; sourceTree = "<group>"; };
		5716F5D51CBEC452001E3215 /* LaserBlast.cpp */ = {isa = PBXFileReference; fileEncoding = 4; lastKnownFileType = sourcecode.cpp.cpp; path = LaserBlast.cpp; sourceTree = "<group>"; };
		5716F5D61CBEC452001E3215 /* Player.h */ = {isa = PBXFileReference; fileEncoding = 4; lastKnownFileType = sourcecode.c.h; path = Player.h; sourceTree = "<group>"; };
		5716F5D71CBEC452001E3215 /* Player.cpp */ = {isa = PBXFileReference; fileEncoding = 4; lastKnownFileType = sourcecode.cpp.cpp; path = Player.cpp; sourceTree = "<group>"; };
		5716F5D81CBEC452001E3215 /* BackgroundObject.h */ = {isa = PBXFileReference; fileEncoding = 4; lastKnownFileType = sourcecode.c.h; path = BackgroundObject.h; sourceTree = "<group>"; };
		5716F5D91CBEC452001E3215 /* BackgroundObject.cpp */ = {isa = PBXFileReference; fileEncoding = 4; lastKnownFileType = sourcecode.cpp.cpp; path = BackgroundObject.cpp; sourceTree = "<group>"; };
		5716F5DA1CBEC452001E3215 /* Turret.h */ = {isa = PBXFileReference; fileEncoding = 4; lastKnownFileType = sourcecode.c.h; path = Turret.h; sourceTree = "<group>"; };
		5716F5DB1CBEC452001E3215 /* Turret.cpp */ = {isa = PBXFileReference; fileEncoding = 4; lastKnownFileType = sourcecode.cpp.cpp; path = Turret.cpp; sourceTree = "<group>"; };
		5716F5DC1CBEC452001E3215 /* Bullet.h */ = {isa = PBXFileReference; fileEncoding = 4; lastKnownFileType = sourcecode.c.h; path = Bullet.h; sourceTree = "<group>"; };
		5716F5DD1CBEC452001E3215 /* Bullet.cpp */ = {isa = PBXFileReference; fileEncoding = 4; lastKnownFileType = sourcecode.cpp.cpp; path = Bullet.cpp; sourceTree = "<group>"; };
		5716F5E51CBEC45B001E3215 /* PixelDotEffect.h */ = {isa = PBXFileReference; fileEncoding = 4; lastKnownFileType = sourcecode.c.h; path = PixelDotEffect.h; sourceTree = "<group>"; };
		5716F5E61CBEC45B001E3215 /* PixelDotEffect.cpp */ = {isa = PBXFileReference; fileEncoding = 4; lastKnownFileType = sourcecode.cpp.cpp; path = PixelDotEffect.cpp; sourceTree = "<group>"; };
		5716F5E71CBEC45B001E3215 /* HeartbeatEffect.h */ = {isa = PBXFileReference; fileEncoding = 4; lastKnownFileType = sourcecode.c.h; path = HeartbeatEffect.h; sourceTree = "<group>"; };
		5716F5E81CBEC45B001E3215 /* HearbeatEffect.cpp */ = {isa = PBXFileReference; fileEncoding = 4; lastKnownFileType = sourcecode.cpp.cpp; path = HearbeatEffect.cpp; sourceTree = "<group>"; };
		5716F5E91CBEC45B001E3215 /* LaserChargeEffect.h */ = {isa = PBXFileReference; fileEncoding = 4; lastKnownFileType = sourcecode.c.h; path = LaserChargeEffect.h; sourceTree = "<group>"; };
		5716F5EA1CBEC45B001E3215 /* LaserChargeEffect.cpp */ = {isa = PBXFileReference; fileEncoding = 4; lastKnownFileType = sourcecode.cpp.cpp; path = LaserChargeEffect.cpp; sourceTree = "<group>"; };
		5716F5F11CBEC5E6001E3215 /* AnimationController.cpp */ = {isa = PBXFileReference; fileEncoding = 4; lastKnownFileType = sourcecode.cpp.cpp; path = AnimationController.cpp; sourceTree = "<group>"; };
		5716F5F21CBEC5E6001E3215 /* AnimationController.hpp */ = {isa = PBXFileReference; fileEncoding = 4; lastKnownFileType = sourcecode.cpp.h; path = AnimationController.hpp; sourceTree = "<group>"; };
		5716F5F41CBEC72F001E3215 /* AnimationLimb.hpp */ = {isa = PBXFileReference; fileEncoding = 4; lastKnownFileType = sourcecode.cpp.h; path = AnimationLimb.hpp; sourceTree = "<group>"; };
		5716F5F51CBEC72F001E3215 /* AnimationLimb.cpp */ = {isa = PBXFileReference; fileEncoding = 4; lastKnownFileType = sourcecode.cpp.cpp; path = AnimationLimb.cpp; sourceTree = "<group>"; };
		5716F5F71CBEC827001E3215 /* AnimationState.hpp */ = {isa = PBXFileReference; fileEncoding = 4; lastKnownFileType = sourcecode.cpp.h; path = AnimationState.hpp; sourceTree = "<group>"; };
		5716F5F81CBEC827001E3215 /* AnimationState.cpp */ = {isa = PBXFileReference; fileEncoding = 4; lastKnownFileType = sourcecode.cpp.cpp; path = AnimationState.cpp; sourceTree = "<group>"; };
		5716F5FD1CBEC88C001E3215 /* AnimationTimeline.cpp */ = {isa = PBXFileReference; fileEncoding = 4; lastKnownFileType = sourcecode.cpp.cpp; path = AnimationTimeline.cpp; sourceTree = "<group>"; };
		5716F5FE1CBEC88C001E3215 /* AnimationTimeline.hpp */ = {isa = PBXFileReference; fileEncoding = 4; lastKnownFileType = sourcecode.cpp.h; path = AnimationTimeline.hpp; sourceTree = "<group>"; };
		5716F6001CBEC998001E3215 /* AnimationNode.hpp */ = {isa = PBXFileReference; fileEncoding = 4; lastKnownFileType = sourcecode.cpp.h; path = AnimationNode.hpp; sourceTree = "<group>"; };
		5716F6011CBEC998001E3215 /* AnimationNode.cpp */ = {isa = PBXFileReference; fileEncoding = 4; lastKnownFileType = sourcecode.cpp.cpp; path = AnimationNode.cpp; sourceTree = "<group>"; };
		5716F6051CBECA92001E3215 /* tinyxml.cpp */ = {isa = PBXFileReference; fileEncoding = 4; lastKnownFileType = sourcecode.cpp.cpp; path = tinyxml.cpp; sourceTree = "<group>"; };
		5716F6061CBECA92001E3215 /* tinyxml.h */ = {isa = PBXFileReference; fileEncoding = 4; lastKnownFileType = sourcecode.c.h; path = tinyxml.h; sourceTree = "<group>"; };
		5716F6071CBECA92001E3215 /* tinyxmlerror.cpp */ = {isa = PBXFileReference; fileEncoding = 4; lastKnownFileType = sourcecode.cpp.cpp; path = tinyxmlerror.cpp; sourceTree = "<group>"; };
		5716F6081CBECA92001E3215 /* tinyxmlparser.cpp */ = {isa = PBXFileReference; fileEncoding = 4; lastKnownFileType = sourcecode.cpp.cpp; path = tinyxmlparser.cpp; sourceTree = "<group>"; };
		5716F60A1CBECA92001E3215 /* ofxXmlSettings.cpp */ = {isa = PBXFileReference; fileEncoding = 4; lastKnownFileType = sourcecode.cpp.cpp; path = ofxXmlSettings.cpp; sourceTree = "<group>"; };
		5716F60B1CBECA92001E3215 /* ofxXmlSettings.h */ = {isa = PBXFileReference; fileEncoding = 4; lastKnownFileType = sourcecode.c.h; path = ofxXmlSettings.h; sourceTree = "<group>"; };
		E4328143138ABC890047C5CB /* openFrameworksLib.xcodeproj */ = {isa = PBXFileReference; lastKnownFileType = "wrapper.pb-project"; name = openFrameworksLib.xcodeproj; path = ../../../libs/openFrameworksCompiled/project/osx/openFrameworksLib.xcodeproj; sourceTree = SOURCE_ROOT; };
		E4B69B5B0A3A1756003C02F2 /* posterizedDebug.app */ = {isa = PBXFileReference; explicitFileType = wrapper.application; includeInIndex = 0; path = posterizedDebug.app; sourceTree = BUILT_PRODUCTS_DIR; };
		E4B6FCAD0C3E899E008CF71C /* openFrameworks-Info.plist */ = {isa = PBXFileReference; fileEncoding = 30; lastKnownFileType = text.plist.xml; path = "openFrameworks-Info.plist"; sourceTree = "<group>"; };
		E4EB691F138AFCF100A09F29 /* CoreOF.xcconfig */ = {isa = PBXFileReference; fileEncoding = 4; lastKnownFileType = text.xcconfig; name = CoreOF.xcconfig; path = ../../../libs/openFrameworksCompiled/project/osx/CoreOF.xcconfig; sourceTree = SOURCE_ROOT; };
		E4EB6923138AFD0F00A09F29 /* Project.xcconfig */ = {isa = PBXFileReference; fileEncoding = 4; lastKnownFileType = text.xcconfig; path = Project.xcconfig; sourceTree = "<group>"; };
/* End PBXFileReference section */

/* Begin PBXFrameworksBuildPhase section */
		E4B69B590A3A1756003C02F2 /* Frameworks */ = {
			isa = PBXFrameworksBuildPhase;
			buildActionMask = 2147483647;
			files = (
				E4328149138ABC9F0047C5CB /* openFrameworksDebug.a in Frameworks */,
			);
			runOnlyForDeploymentPostprocessing = 0;
		};
/* End PBXFrameworksBuildPhase section */

/* Begin PBXGroup section */
		5716F5C31CBEC41B001E3215 /* GameObjects */ = {
			isa = PBXGroup;
			children = (
				5716F5D01CBEC452001E3215 /* GameObject.h */,
				5716F5D11CBEC452001E3215 /* GameObject.cpp */,
				5716F5D21CBEC452001E3215 /* TerrainFloor.h */,
				5716F5D31CBEC452001E3215 /* TerrainFloor.cpp */,
				5716F5D41CBEC452001E3215 /* LaserBlast.h */,
				5716F5D51CBEC452001E3215 /* LaserBlast.cpp */,
				5716F5D61CBEC452001E3215 /* Player.h */,
				5716F5D71CBEC452001E3215 /* Player.cpp */,
				5716F5D81CBEC452001E3215 /* BackgroundObject.h */,
				5716F5D91CBEC452001E3215 /* BackgroundObject.cpp */,
				5716F5DA1CBEC452001E3215 /* Turret.h */,
				5716F5DB1CBEC452001E3215 /* Turret.cpp */,
				5716F5DC1CBEC452001E3215 /* Bullet.h */,
				5716F5DD1CBEC452001E3215 /* Bullet.cpp */,
			);
			name = GameObjects;
			sourceTree = "<group>";
		};
		5716F5C41CBEC425001E3215 /* PixelDotEffects */ = {
			isa = PBXGroup;
			children = (
				5716F5E51CBEC45B001E3215 /* PixelDotEffect.h */,
				5716F5E61CBEC45B001E3215 /* PixelDotEffect.cpp */,
				5716F5E71CBEC45B001E3215 /* HeartbeatEffect.h */,
				5716F5E81CBEC45B001E3215 /* HearbeatEffect.cpp */,
				5716F5E91CBEC45B001E3215 /* LaserChargeEffect.h */,
				5716F5EA1CBEC45B001E3215 /* LaserChargeEffect.cpp */,
			);
			name = PixelDotEffects;
			sourceTree = "<group>";
		};
		5716F5F01CBEC5C8001E3215 /* Animation */ = {
			isa = PBXGroup;
			children = (
				5716F5F21CBEC5E6001E3215 /* AnimationController.hpp */,
				5716F5F11CBEC5E6001E3215 /* AnimationController.cpp */,
				5716F5F41CBEC72F001E3215 /* AnimationLimb.hpp */,
				5716F5F51CBEC72F001E3215 /* AnimationLimb.cpp */,
				5716F5F71CBEC827001E3215 /* AnimationState.hpp */,
				5716F5F81CBEC827001E3215 /* AnimationState.cpp */,
				5716F5FE1CBEC88C001E3215 /* AnimationTimeline.hpp */,
				5716F5FD1CBEC88C001E3215 /* AnimationTimeline.cpp */,
				5716F6001CBEC998001E3215 /* AnimationNode.hpp */,
				5716F6011CBEC998001E3215 /* AnimationNode.cpp */,
			);
			name = Animation;
			sourceTree = "<group>";
		};
		5716F6031CBECA92001E3215 /* ofxXmlSettings */ = {
			isa = PBXGroup;
			children = (
				5716F6041CBECA92001E3215 /* libs */,
				5716F6091CBECA92001E3215 /* src */,
			);
			name = ofxXmlSettings;
			path = src/lib/ofxXmlSettings;
			sourceTree = "<group>";
		};
		5716F6041CBECA92001E3215 /* libs */ = {
			isa = PBXGroup;
			children = (
				5716F6051CBECA92001E3215 /* tinyxml.cpp */,
				5716F6061CBECA92001E3215 /* tinyxml.h */,
				5716F6071CBECA92001E3215 /* tinyxmlerror.cpp */,
				5716F6081CBECA92001E3215 /* tinyxmlparser.cpp */,
			);
			path = libs;
			sourceTree = "<group>";
		};
		5716F6091CBECA92001E3215 /* src */ = {
			isa = PBXGroup;
			children = (
				5716F60A1CBECA92001E3215 /* ofxXmlSettings.cpp */,
				5716F60B1CBECA92001E3215 /* ofxXmlSettings.h */,
			);
			path = src;
			sourceTree = "<group>";
		};
		6948EE371B920CB800B5AC1A /* local_addons */ = {
			isa = PBXGroup;
			children = (
			);
			name = local_addons;
			sourceTree = "<group>";
		};
		BB4B014C10F69532006C3DED /* addons */ = {
			isa = PBXGroup;
			children = (
				5716F6031CBECA92001E3215 /* ofxXmlSettings */,
			);
			name = addons;
			sourceTree = "<group>";
		};
		E4328144138ABC890047C5CB /* Products */ = {
			isa = PBXGroup;
			children = (
				E4328148138ABC890047C5CB /* openFrameworksDebug.a */,
			);
			name = Products;
			sourceTree = "<group>";
		};
		E4B69B4A0A3A1720003C02F2 = {
			isa = PBXGroup;
			children = (
				E4B6FCAD0C3E899E008CF71C /* openFrameworks-Info.plist */,
				E4EB6923138AFD0F00A09F29 /* Project.xcconfig */,
				E4B69E1C0A3A1BDC003C02F2 /* src */,
				E4EEC9E9138DF44700A80321 /* openFrameworks */,
				BB4B014C10F69532006C3DED /* addons */,
				6948EE371B920CB800B5AC1A /* local_addons */,
				E4B69B5B0A3A1756003C02F2 /* posterizedDebug.app */,
			);
			sourceTree = "<group>";
		};
		E4B69E1C0A3A1BDC003C02F2 /* src */ = {
			isa = PBXGroup;
			children = (
				5716F5C51CBEC447001E3215 /* BasicInfo.h */,
				5716F5C61CBEC447001E3215 /* main.cpp */,
				5716F5C71CBEC447001E3215 /* ofApp.h */,
				5716F5C81CBEC447001E3215 /* ofApp.cpp */,
				5716F5C91CBEC447001E3215 /* PixelDot.h */,
				5716F5CA1CBEC447001E3215 /* PixeDot.cpp */,
				5716F5CB1CBEC447001E3215 /* RaycastInfo.h */,
				5716F5CC1CBEC447001E3215 /* HitBox.h */,
				5716F5C31CBEC41B001E3215 /* GameObjects */,
				5716F5C41CBEC425001E3215 /* PixelDotEffects */,
				5716F5F01CBEC5C8001E3215 /* Animation */,
			);
			path = src;
			sourceTree = SOURCE_ROOT;
		};
		E4EEC9E9138DF44700A80321 /* openFrameworks */ = {
			isa = PBXGroup;
			children = (
				E4EB691F138AFCF100A09F29 /* CoreOF.xcconfig */,
				E4328143138ABC890047C5CB /* openFrameworksLib.xcodeproj */,
			);
			name = openFrameworks;
			sourceTree = "<group>";
		};
/* End PBXGroup section */

/* Begin PBXNativeTarget section */
		E4B69B5A0A3A1756003C02F2 /* posterized */ = {
			isa = PBXNativeTarget;
			buildConfigurationList = E4B69B5F0A3A1757003C02F2 /* Build configuration list for PBXNativeTarget "posterized" */;
			buildPhases = (
				E4B69B580A3A1756003C02F2 /* Sources */,
				E4B69B590A3A1756003C02F2 /* Frameworks */,
				E4B6FFFD0C3F9AB9008CF71C /* ShellScript */,
				E4C2427710CC5ABF004149E2 /* CopyFiles */,
			);
			buildRules = (
			);
			dependencies = (
				E4EEB9AC138B136A00A80321 /* PBXTargetDependency */,
			);
			name = posterized;
			productName = myOFApp;
			productReference = E4B69B5B0A3A1756003C02F2 /* posterizedDebug.app */;
			productType = "com.apple.product-type.application";
		};
/* End PBXNativeTarget section */

/* Begin PBXProject section */
		E4B69B4C0A3A1720003C02F2 /* Project object */ = {
			isa = PBXProject;
			attributes = {
				LastUpgradeCheck = 0600;
			};
			buildConfigurationList = E4B69B4D0A3A1720003C02F2 /* Build configuration list for PBXProject "posterized" */;
			compatibilityVersion = "Xcode 3.2";
			developmentRegion = English;
			hasScannedForEncodings = 0;
			knownRegions = (
				English,
				Japanese,
				French,
				German,
			);
			mainGroup = E4B69B4A0A3A1720003C02F2;
			productRefGroup = E4B69B4A0A3A1720003C02F2;
			projectDirPath = "";
			projectReferences = (
				{
					ProductGroup = E4328144138ABC890047C5CB /* Products */;
					ProjectRef = E4328143138ABC890047C5CB /* openFrameworksLib.xcodeproj */;
				},
			);
			projectRoot = "";
			targets = (
				E4B69B5A0A3A1756003C02F2 /* posterized */,
			);
		};
/* End PBXProject section */

/* Begin PBXReferenceProxy section */
		E4328148138ABC890047C5CB /* openFrameworksDebug.a */ = {
			isa = PBXReferenceProxy;
			fileType = archive.ar;
			path = openFrameworksDebug.a;
			remoteRef = E4328147138ABC890047C5CB /* PBXContainerItemProxy */;
			sourceTree = BUILT_PRODUCTS_DIR;
		};
/* End PBXReferenceProxy section */

/* Begin PBXShellScriptBuildPhase section */
		E4B6FFFD0C3F9AB9008CF71C /* ShellScript */ = {
			isa = PBXShellScriptBuildPhase;
			buildActionMask = 2147483647;
			files = (
			);
			inputPaths = (
			);
			outputPaths = (
			);
			runOnlyForDeploymentPostprocessing = 0;
			shellPath = /bin/sh;
			shellScript = "mkdir -p \"$TARGET_BUILD_DIR/$PRODUCT_NAME.app/Contents/Resources/\"\n# Copy default icon file into App/Resources\nrsync -aved \"$ICON_FILE\" \"$TARGET_BUILD_DIR/$PRODUCT_NAME.app/Contents/Resources/\"\n# Copy libfmod and change install directory for fmod to run\nrsync -aved ../../../libs/fmodex/lib/osx/libfmodex.dylib \"$TARGET_BUILD_DIR/$PRODUCT_NAME.app/Contents/Frameworks/\";\ninstall_name_tool -change @executable_path/libfmodex.dylib @executable_path/../Frameworks/libfmodex.dylib \"$TARGET_BUILD_DIR/$PRODUCT_NAME.app/Contents/MacOS/$PRODUCT_NAME\";\n# Copy GLUT framework (must remove for AppStore submissions)\nrsync -aved ../../../libs/glut/lib/osx/GLUT.framework \"$TARGET_BUILD_DIR/$PRODUCT_NAME.app/Contents/Frameworks/\"\n";
		};
/* End PBXShellScriptBuildPhase section */

/* Begin PBXSourcesBuildPhase section */
		E4B69B580A3A1756003C02F2 /* Sources */ = {
			isa = PBXSourcesBuildPhase;
			buildActionMask = 2147483647;
			files = (
				5716F5E01CBEC452001E3215 /* LaserBlast.cpp in Sources */,
				5716F5ED1CBEC45B001E3215 /* LaserChargeEffect.cpp in Sources */,
				5716F5E11CBEC452001E3215 /* Player.cpp in Sources */,
				5716F60C1CBECA92001E3215 /* tinyxml.cpp in Sources */,
				5716F5E31CBEC452001E3215 /* Turret.cpp in Sources */,
				5716F6021CBEC998001E3215 /* AnimationNode.cpp in Sources */,
				5716F60F1CBECA92001E3215 /* ofxXmlSettings.cpp in Sources */,
				5716F5F91CBEC827001E3215 /* AnimationState.cpp in Sources */,
				5716F5DF1CBEC452001E3215 /* TerrainFloor.cpp in Sources */,
				5716F60D1CBECA92001E3215 /* tinyxmlerror.cpp in Sources */,
				5716F5FF1CBEC88C001E3215 /* AnimationTimeline.cpp in Sources */,
				5716F60E1CBECA92001E3215 /* tinyxmlparser.cpp in Sources */,
				5716F5DE1CBEC452001E3215 /* GameObject.cpp in Sources */,
				5716F5F31CBEC5E6001E3215 /* AnimationController.cpp in Sources */,
				5716F5E41CBEC452001E3215 /* Bullet.cpp in Sources */,
				5716F5F61CBEC72F001E3215 /* AnimationLimb.cpp in Sources */,
				5716F5E21CBEC452001E3215 /* BackgroundObject.cpp in Sources */,
				5716F5CF1CBEC447001E3215 /* PixeDot.cpp in Sources */,
				5716F5EC1CBEC45B001E3215 /* HearbeatEffect.cpp in Sources */,
				5716F5CE1CBEC447001E3215 /* ofApp.cpp in Sources */,
				5716F5EB1CBEC45B001E3215 /* PixelDotEffect.cpp in Sources */,
				5716F5CD1CBEC447001E3215 /* main.cpp in Sources */,
			);
			runOnlyForDeploymentPostprocessing = 0;
		};
/* End PBXSourcesBuildPhase section */

/* Begin PBXTargetDependency section */
		E4EEB9AC138B136A00A80321 /* PBXTargetDependency */ = {
			isa = PBXTargetDependency;
			name = openFrameworks;
			targetProxy = E4EEB9AB138B136A00A80321 /* PBXContainerItemProxy */;
		};
/* End PBXTargetDependency section */

/* Begin XCBuildConfiguration section */
		E4B69B4E0A3A1720003C02F2 /* Debug */ = {
			isa = XCBuildConfiguration;
			baseConfigurationReference = E4EB6923138AFD0F00A09F29 /* Project.xcconfig */;
			buildSettings = {
				CONFIGURATION_BUILD_DIR = "$(SRCROOT)/bin/";
				COPY_PHASE_STRIP = NO;
				DEAD_CODE_STRIPPING = YES;
				GCC_AUTO_VECTORIZATION = YES;
				GCC_ENABLE_SSE3_EXTENSIONS = YES;
				GCC_ENABLE_SUPPLEMENTAL_SSE3_INSTRUCTIONS = YES;
				GCC_INLINES_ARE_PRIVATE_EXTERN = NO;
				GCC_OPTIMIZATION_LEVEL = 0;
				GCC_SYMBOLS_PRIVATE_EXTERN = NO;
				GCC_WARN_ABOUT_DEPRECATED_FUNCTIONS = YES;
				GCC_WARN_ABOUT_INVALID_OFFSETOF_MACRO = NO;
				GCC_WARN_ALLOW_INCOMPLETE_PROTOCOL = NO;
				GCC_WARN_UNINITIALIZED_AUTOS = NO;
				GCC_WARN_UNUSED_VALUE = NO;
				GCC_WARN_UNUSED_VARIABLE = NO;
				HEADER_SEARCH_PATHS = (
					"$(OF_CORE_HEADERS)",
					src,
				);
				MACOSX_DEPLOYMENT_TARGET = 10.8;
				ONLY_ACTIVE_ARCH = YES;
				OTHER_CPLUSPLUSFLAGS = (
					"-D__MACOSX_CORE__",
					"-mtune=native",
				);
				SDKROOT = macosx;
			};
			name = Debug;
		};
		E4B69B4F0A3A1720003C02F2 /* Release */ = {
			isa = XCBuildConfiguration;
			baseConfigurationReference = E4EB6923138AFD0F00A09F29 /* Project.xcconfig */;
			buildSettings = {
				CONFIGURATION_BUILD_DIR = "$(SRCROOT)/bin/";
				COPY_PHASE_STRIP = YES;
				DEAD_CODE_STRIPPING = YES;
				GCC_AUTO_VECTORIZATION = YES;
				GCC_ENABLE_SSE3_EXTENSIONS = YES;
				GCC_ENABLE_SUPPLEMENTAL_SSE3_INSTRUCTIONS = YES;
				GCC_INLINES_ARE_PRIVATE_EXTERN = NO;
				GCC_OPTIMIZATION_LEVEL = 3;
				GCC_SYMBOLS_PRIVATE_EXTERN = NO;
				GCC_UNROLL_LOOPS = YES;
				GCC_WARN_ABOUT_DEPRECATED_FUNCTIONS = YES;
				GCC_WARN_ABOUT_INVALID_OFFSETOF_MACRO = NO;
				GCC_WARN_ALLOW_INCOMPLETE_PROTOCOL = NO;
				GCC_WARN_UNINITIALIZED_AUTOS = NO;
				GCC_WARN_UNUSED_VALUE = NO;
				GCC_WARN_UNUSED_VARIABLE = NO;
				HEADER_SEARCH_PATHS = (
					"$(OF_CORE_HEADERS)",
					src,
				);
				MACOSX_DEPLOYMENT_TARGET = 10.8;
				OTHER_CPLUSPLUSFLAGS = (
					"-D__MACOSX_CORE__",
					"-mtune=native",
				);
				SDKROOT = macosx;
			};
			name = Release;
		};
		E4B69B600A3A1757003C02F2 /* Debug */ = {
			isa = XCBuildConfiguration;
			baseConfigurationReference = E4EB6923138AFD0F00A09F29 /* Project.xcconfig */;
			buildSettings = {
				COMBINE_HIDPI_IMAGES = YES;
				COPY_PHASE_STRIP = NO;
				FRAMEWORK_SEARCH_PATHS = (
					"$(inherited)",
					"$(FRAMEWORK_SEARCH_PATHS_QUOTED_FOR_TARGET_1)",
				);
				FRAMEWORK_SEARCH_PATHS_QUOTED_FOR_TARGET_1 = "\"$(SRCROOT)/../../../libs/glut/lib/osx\"";
				GCC_DYNAMIC_NO_PIC = NO;
				GCC_GENERATE_DEBUGGING_SYMBOLS = YES;
				GCC_MODEL_TUNING = NONE;
				HEADER_SEARCH_PATHS = (
					"$(OF_CORE_HEADERS)",
					src,
				);
				ICON = "$(ICON_NAME_DEBUG)";
				ICON_FILE = "$(ICON_FILE_PATH)$(ICON)";
				INFOPLIST_FILE = "openFrameworks-Info.plist";
				INSTALL_PATH = /Applications;
				LIBRARY_SEARCH_PATHS = "$(inherited)";
				PRODUCT_NAME = posterizedDebug;
				WRAPPER_EXTENSION = app;
			};
			name = Debug;
		};
		E4B69B610A3A1757003C02F2 /* Release */ = {
			isa = XCBuildConfiguration;
			baseConfigurationReference = E4EB6923138AFD0F00A09F29 /* Project.xcconfig */;
			buildSettings = {
				COMBINE_HIDPI_IMAGES = YES;
				COPY_PHASE_STRIP = YES;
				FRAMEWORK_SEARCH_PATHS = (
					"$(inherited)",
					"$(FRAMEWORK_SEARCH_PATHS_QUOTED_FOR_TARGET_1)",
				);
				FRAMEWORK_SEARCH_PATHS_QUOTED_FOR_TARGET_1 = "\"$(SRCROOT)/../../../libs/glut/lib/osx\"";
				GCC_GENERATE_DEBUGGING_SYMBOLS = YES;
				GCC_MODEL_TUNING = NONE;
				HEADER_SEARCH_PATHS = (
					"$(OF_CORE_HEADERS)",
					src,
				);
				ICON = "$(ICON_NAME_RELEASE)";
				ICON_FILE = "$(ICON_FILE_PATH)$(ICON)";
				INFOPLIST_FILE = "openFrameworks-Info.plist";
				INSTALL_PATH = /Applications;
				LIBRARY_SEARCH_PATHS = "$(inherited)";
				PRODUCT_NAME = posterizedDebug;
				WRAPPER_EXTENSION = app;
				baseConfigurationReference = E4EB6923138AFD0F00A09F29;
			};
			name = Release;
		};
/* End XCBuildConfiguration section */

/* Begin XCConfigurationList section */
		E4B69B4D0A3A1720003C02F2 /* Build configuration list for PBXProject "posterized" */ = {
			isa = XCConfigurationList;
			buildConfigurations = (
				E4B69B4E0A3A1720003C02F2 /* Debug */,
				E4B69B4F0A3A1720003C02F2 /* Release */,
			);
			defaultConfigurationIsVisible = 0;
			defaultConfigurationName = Release;
		};
		E4B69B5F0A3A1757003C02F2 /* Build configuration list for PBXNativeTarget "posterized" */ = {
			isa = XCConfigurationList;
			buildConfigurations = (
				E4B69B600A3A1757003C02F2 /* Debug */,
				E4B69B610A3A1757003C02F2 /* Release */,
			);
			defaultConfigurationIsVisible = 0;
			defaultConfigurationName = Release;
		};
/* End XCConfigurationList section */
	};
	rootObject = E4B69B4C0A3A1720003C02F2 /* Project object */;
}
